{
  "requires": true,
  "lockfileVersion": 1,
  "dependencies": {
    "phosphor-disposable": {
      "version": "1.0.5",
      "resolved": "https://registry.npmjs.org/phosphor-disposable/-/phosphor-disposable-1.0.5.tgz",
      "integrity": "sha1-e2QwnTb88rElTAZGN9tTgoI4ZZc="
    },
    "phosphor-messaging": {
      "version": "1.0.6",
      "resolved": "https://registry.npmjs.org/phosphor-messaging/-/phosphor-messaging-1.0.6.tgz",
      "integrity": "sha1-AdI7zSwrHeXHy7jwCwoZThRFuaM=",
      "requires": {
        "phosphor-queue": "^1.0.5"
      }
    },
    "phosphor-nodewrapper": {
      "version": "1.0.6",
      "resolved": "https://registry.npmjs.org/phosphor-nodewrapper/-/phosphor-nodewrapper-1.0.6.tgz",
      "integrity": "sha1-7Cz4jFYGvROza/05UoasZ3BBOr8="
    },
    "phosphor-properties": {
      "version": "2.0.0",
      "resolved": "https://registry.npmjs.org/phosphor-properties/-/phosphor-properties-2.0.0.tgz",
      "integrity": "sha1-+uL/gDcObdQNxpbKfFEkA9FpVuw=",
      "requires": {
        "phosphor-signaling": "^1.1.2"
      }
    },
    "phosphor-queue": {
      "version": "1.0.5",
      "resolved": "https://registry.npmjs.org/phosphor-queue/-/phosphor-queue-1.0.5.tgz",
      "integrity": "sha1-fRWRJWStI9fKs2RDWWMk4wzzTxA="
    },
    "phosphor-signaling": {
      "version": "1.2.0",
      "resolved": "https://registry.npmjs.org/phosphor-signaling/-/phosphor-signaling-1.2.0.tgz",
      "integrity": "sha1-91fWrxqxaD0Wv2hq0L/VAZXtXao="
    },
    "phosphor-widget": {
      "version": "1.0.0-rc.1",
      "resolved": "https://registry.npmjs.org/phosphor-widget/-/phosphor-widget-1.0.0-rc.1.tgz",
      "integrity": "sha1-CCU57p2V0TGMU/r2xJbh9Xt1jbU=",
      "requires": {
        "phosphor-disposable": "^1.0.5",
        "phosphor-messaging": "^1.0.6",
        "phosphor-nodewrapper": "^1.0.6",
        "phosphor-properties": "^2.0.0",
        "phosphor-queue": "^1.0.5",
        "phosphor-signaling": "^1.2.0"
      }
    }
  }
}
